# THIS IS AN AUTOGENERATED FILE. DO NOT EDIT THIS FILE DIRECTLY.
# yarn lockfile v1


core-js@^3.30.2:
  version "3.30.2"
  resolved "http://cnpm.leateckgroup.com:4873/core-js/-/core-js-3.30.2.tgz#6528abfda65e5ad728143ea23f7a14f0dcf503fc"
  integrity sha512-uBJiDmwqsbJCWHAwjrx3cvjbMXP7xD72Dmsn5LOJpiRmE3WbBbN5rCqQ2Qh6Ek6/eOrjlWngEynBWo4VxerQhg==
